<?xml version="1.0" encoding="utf-8"?>
<Project ToolsVersion="4.0" xmlns="http://schemas.microsoft.com/developer/msbuild/2003">
  <ItemGroup>
    <Filter Include="Source Files">
      <UniqueIdentifier>{4FC737F1-C7A5-4376-A066-2A32D752A2FF}</UniqueIdentifier>
      <Extensions>cpp;c;cxx;def;odl;idl;hpj;bat;asm;asmx</Extensions>
    </Filter>
    <Filter Include="Header Files">
      <UniqueIdentifier>{93995380-89BD-4b04-88EB-625FBE52EBFB}</UniqueIdentifier>
      <Extensions>h;hpp;hxx;hm;inl;inc;xsd</Extensions>
    </Filter>
    <Filter Include="Resource Files">
      <UniqueIdentifier>{67DA6AB6-F800-4c08-8B7A-83BB121AAD01}</UniqueIdentifier>
      <Extensions>rc;ico;cur;bmp;dlg;rc2;rct;bin;rgs;gif;jpg;jpeg;jpe;resx</Extensions>
    </Filter>
    <Filter Include="RegistryEmulatorClass">
      <UniqueIdentifier>{938ae849-b6ed-402a-afb2-c0869097c311}</UniqueIdentifier>
    </Filter>
    <Filter Include="Tools">
      <UniqueIdentifier>{9bb3ec21-adb4-498a-9d3a-6f6936d85df7}</UniqueIdentifier>
    </Filter>
  </ItemGroup>
  <ItemGroup>
    <ClCompile Include="RegExtractor.cpp">
      <Filter>Source Files</Filter>
    </ClCompile>
    <ClCompile Include="..\Common_Files\AnsiUnicodeConvert.cpp">
      <Filter>RegistryEmulatorClass</Filter>
    </ClCompile>
    <ClCompile Include="..\Common_Files\EmulatedRegistry.cpp">
      <Filter>RegistryEmulatorClass</Filter>
    </ClCompile>
    <ClCompile Include="..\Common_Files\HostKey.cpp">
      <Filter>RegistryEmulatorClass</Filter>
    </ClCompile>
    <ClCompile Include="..\Common_Files\Key.cpp">
      <Filter>RegistryEmulatorClass</Filter>
    </ClCompile>
    <ClCompile Include="..\Common_Files\LinkListBase.cpp">
      <Filter>RegistryEmulatorClass</Filter>
    </ClCompile>
    <ClCompile Include="..\Common_Files\LinkListSimple.cpp">
      <Filter>RegistryEmulatorClass</Filter>
    </ClCompile>
    <ClCompile Include="..\Common_Files\Options.cpp">
      <Filter>RegistryEmulatorClass</Filter>
    </ClCompile>
    <ClCompile Include="..\Common_Files\RegistryCommonFunctions.cpp">
      <Filter>RegistryEmulatorClass</Filter>
    </ClCompile>
    <ClCompile Include="..\Common_Files\RootKey.cpp">
      <Filter>RegistryEmulatorClass</Filter>
    </ClCompile>
    <ClCompile Include="..\Common_Files\TextFile.cpp">
      <Filter>RegistryEmulatorClass</Filter>
    </ClCompile>
    <ClCompile Include="..\Common_Files\XmlLite.cpp">
      <Filter>RegistryEmulatorClass</Filter>
    </ClCompile>
    <ClCompile Include="..\..\..\..\..\Tools\String\AnsiUnicodeConvert.cpp">
      <Filter>Tools</Filter>
    </ClCompile>
    <ClCompile Include="..\..\..\..\..\Tools\APIError\APIError.cpp">
      <Filter>Tools</Filter>
    </ClCompile>
    <ClCompile Include="..\..\..\..\..\Tools\Clipboard\Clipboard.cpp">
      <Filter>Tools</Filter>
    </ClCompile>
    <ClCompile Include="..\..\..\..\..\Tools\Gui\Dialog\DialogBase.cpp">
      <Filter>Tools</Filter>
    </ClCompile>
    <ClCompile Include="..\..\..\..\..\Tools\Gui\ListView\Listview.cpp">
      <Filter>Tools</Filter>
    </ClCompile>
    <ClCompile Include="..\..\..\..\..\Tools\Gui\Menu\PopUpMenu.cpp">
      <Filter>Tools</Filter>
    </ClCompile>
    <ClCompile Include="..\..\..\..\..\Tools\File\TextFile.cpp">
      <Filter>Tools</Filter>
    </ClCompile>
  </ItemGroup>
  <ItemGroup>
    <ClInclude Include="RegExtractor.h">
      <Filter>Header Files</Filter>
    </ClInclude>
    <ClInclude Include="resource.h">
      <Filter>Header Files</Filter>
    </ClInclude>
    <ClInclude Include="..\Common_Files\AnsiUnicodeConvert.h">
      <Filter>RegistryEmulatorClass</Filter>
    </ClInclude>
    <ClInclude Include="..\Common_Files\EmulatedRegistry.h">
      <Filter>RegistryEmulatorClass</Filter>
    </ClInclude>
    <ClInclude Include="..\Common_Files\HostKey.h">
      <Filter>RegistryEmulatorClass</Filter>
    </ClInclude>
    <ClInclude Include="..\Common_Files\Key.h">
      <Filter>RegistryEmulatorClass</Filter>
    </ClInclude>
    <ClInclude Include="..\Common_Files\LinkListBase.h">
      <Filter>RegistryEmulatorClass</Filter>
    </ClInclude>
    <ClInclude Include="..\Common_Files\LinkListItem.h">
      <Filter>RegistryEmulatorClass</Filter>
    </ClInclude>
    <ClInclude Include="..\Common_Files\LinkListSimple.h">
      <Filter>RegistryEmulatorClass</Filter>
    </ClInclude>
    <ClInclude Include="..\Common_Files\Options.h">
      <Filter>RegistryEmulatorClass</Filter>
    </ClInclude>
    <ClInclude Include="..\Common_Files\RegistryCommonFunctions.h">
      <Filter>RegistryEmulatorClass</Filter>
    </ClInclude>
    <ClInclude Include="..\Common_Files\RootKey.h">
      <Filter>RegistryEmulatorClass</Filter>
    </ClInclude>
    <ClInclude Include="..\Common_Files\TextFile.h">
      <Filter>RegistryEmulatorClass</Filter>
    </ClInclude>
    <ClInclude Include="..\Common_Files\tstring.h">
      <Filter>RegistryEmulatorClass</Filter>
    </ClInclude>
    <ClInclude Include="..\Common_Files\XmlLite.h">
      <Filter>RegistryEmulatorClass</Filter>
    </ClInclude>
    <ClInclude Include="..\..\..\..\..\Tools\String\AnsiUnicodeConvert.h">
      <Filter>Tools</Filter>
    </ClInclude>
    <ClInclude Include="..\..\..\..\..\Tools\APIError\APIError.h">
      <Filter>Tools</Filter>
    </ClInclude>
    <ClInclude Include="..\..\..\..\..\Tools\Clipboard\Clipboard.h">
      <Filter>Tools</Filter>
    </ClInclude>
    <ClInclude Include="..\..\..\..\..\Tools\Gui\Dialog\DialogBase.h">
      <Filter>Tools</Filter>
    </ClInclude>
    <ClInclude Include="..\..\..\..\..\Tools\Gui\ListView\Listview.h">
      <Filter>Tools</Filter>
    </ClInclude>
    <ClInclude Include="..\..\..\..\..\Tools\Gui\Menu\PopUpMenu.h">
      <Filter>Tools</Filter>
    </ClInclude>
    <ClInclude Include="..\..\..\..\..\Tools\File\TextFile.h">
      <Filter>Tools</Filter>
    </ClInclude>
  </ItemGroup>
  <ItemGroup>
    <ResourceCompile Include="EmulatedRegistryCreator.rc">
      <Filter>Resource Files</Filter>
    </ResourceCompile>
  </ItemGroup>
  <ItemGroup>
    <None Include="icon_app.ico">
      <Filter>Resource Files</Filter>
    </None>
  </ItemGroup>
  <ItemGroup>
    <Manifest Include="EmulatedRegistryCreator.exe.manifest" />
  </ItemGroup>
</Project>