Microsoft Visual Studio Solution File, Format Version 11.00
# Visual Studio 2010
Project("{8BC9CEB8-8B4A-11D0-8D11-00A0C91BC942}") = "HookChildProcesses", "HookChildProcesses.vcxproj", "{F4EC2094-8775-4A1B-9D62-0834FBFE58FF}"
EndProject
Project("{8BC9CEB8-8B4A-11D0-8D11-00A0C91BC942}") = "HookChildProcessesInjectedPart", "overriding Dll\HookChildProcessesInjectedPart.vcxproj", "{CE0B9B39-C6C5-4DCA-BC40-308389E5F1D9}"
EndProject
Project("{8BC9CEB8-8B4A-11D0-8D11-00A0C91BC942}") = "TestTarget", "TestTarget\TestTarget.vcxproj", "{39A12CB2-9F5B-402C-A72B-854F58CFEA6E}"
EndProject
Global
	GlobalSection(SolutionConfigurationPlatforms) = preSolution
		Debug|Win32 = Debug|Win32
		DebugUnicode|Win32 = DebugUnicode|Win32
		Release|Win32 = Release|Win32
		ReleaseUnicode|Win32 = ReleaseUnicode|Win32
	EndGlobalSection
	GlobalSection(ProjectConfigurationPlatforms) = postSolution
		{F4EC2094-8775-4A1B-9D62-0834FBFE58FF}.Debug|Win32.ActiveCfg = Debug|Win32
		{F4EC2094-8775-4A1B-9D62-0834FBFE58FF}.Debug|Win32.Build.0 = Debug|Win32
		{F4EC2094-8775-4A1B-9D62-0834FBFE58FF}.DebugUnicode|Win32.ActiveCfg = DebugUnicode|Win32
		{F4EC2094-8775-4A1B-9D62-0834FBFE58FF}.DebugUnicode|Win32.Build.0 = DebugUnicode|Win32
		{F4EC2094-8775-4A1B-9D62-0834FBFE58FF}.Release|Win32.ActiveCfg = Release|Win32
		{F4EC2094-8775-4A1B-9D62-0834FBFE58FF}.Release|Win32.Build.0 = Release|Win32
		{F4EC2094-8775-4A1B-9D62-0834FBFE58FF}.ReleaseUnicode|Win32.ActiveCfg = ReleaseUnicode|Win32
		{F4EC2094-8775-4A1B-9D62-0834FBFE58FF}.ReleaseUnicode|Win32.Build.0 = ReleaseUnicode|Win32
		{CE0B9B39-C6C5-4DCA-BC40-308389E5F1D9}.Debug|Win32.ActiveCfg = Debug|Win32
		{CE0B9B39-C6C5-4DCA-BC40-308389E5F1D9}.Debug|Win32.Build.0 = Debug|Win32
		{CE0B9B39-C6C5-4DCA-BC40-308389E5F1D9}.DebugUnicode|Win32.ActiveCfg = DebugUnicode|Win32
		{CE0B9B39-C6C5-4DCA-BC40-308389E5F1D9}.DebugUnicode|Win32.Build.0 = DebugUnicode|Win32
		{CE0B9B39-C6C5-4DCA-BC40-308389E5F1D9}.Release|Win32.ActiveCfg = Release|Win32
		{CE0B9B39-C6C5-4DCA-BC40-308389E5F1D9}.Release|Win32.Build.0 = Release|Win32
		{CE0B9B39-C6C5-4DCA-BC40-308389E5F1D9}.ReleaseUnicode|Win32.ActiveCfg = ReleaseUnicode|Win32
		{CE0B9B39-C6C5-4DCA-BC40-308389E5F1D9}.ReleaseUnicode|Win32.Build.0 = ReleaseUnicode|Win32
		{39A12CB2-9F5B-402C-A72B-854F58CFEA6E}.Debug|Win32.ActiveCfg = Debug|Win32
		{39A12CB2-9F5B-402C-A72B-854F58CFEA6E}.Debug|Win32.Build.0 = Debug|Win32
		{39A12CB2-9F5B-402C-A72B-854F58CFEA6E}.DebugUnicode|Win32.ActiveCfg = Debug|Win32
		{39A12CB2-9F5B-402C-A72B-854F58CFEA6E}.DebugUnicode|Win32.Build.0 = Debug|Win32
		{39A12CB2-9F5B-402C-A72B-854F58CFEA6E}.Release|Win32.ActiveCfg = Release|Win32
		{39A12CB2-9F5B-402C-A72B-854F58CFEA6E}.Release|Win32.Build.0 = Release|Win32
		{39A12CB2-9F5B-402C-A72B-854F58CFEA6E}.ReleaseUnicode|Win32.ActiveCfg = Release|Win32
		{39A12CB2-9F5B-402C-A72B-854F58CFEA6E}.ReleaseUnicode|Win32.Build.0 = Release|Win32
	EndGlobalSection
	GlobalSection(SolutionProperties) = preSolution
		HideSolutionNode = FALSE
	EndGlobalSection
	GlobalSection(DPCodeReviewSolutionGUID) = preSolution
		DPCodeReviewSolutionGUID = {00000000-0000-0000-0000-000000000000}
	EndGlobalSection
EndGlobal
