<?xml version="1.0" encoding="utf-8"?>
<Project ToolsVersion="4.0" xmlns="http://schemas.microsoft.com/developer/msbuild/2003">
  <ItemGroup>
    <Filter Include="Source Files">
      <UniqueIdentifier>{4FC737F1-C7A5-4376-A066-2A32D752A2FF}</UniqueIdentifier>
      <Extensions>cpp;c;cxx;def;odl;idl;hpj;bat;asm;asmx</Extensions>
    </Filter>
    <Filter Include="Header Files">
      <UniqueIdentifier>{93995380-89BD-4b04-88EB-625FBE52EBFB}</UniqueIdentifier>
      <Extensions>h;hpp;hxx;hm;inl;inc;xsd</Extensions>
    </Filter>
    <Filter Include="Resource Files">
      <UniqueIdentifier>{67DA6AB6-F800-4c08-8B7A-83BB121AAD01}</UniqueIdentifier>
      <Extensions>rc;ico;cur;bmp;dlg;rc2;rct;bin;rgs;gif;jpg;jpeg;jpe;resx</Extensions>
    </Filter>
    <Filter Include="Tools">
      <UniqueIdentifier>{1d658e05-f67b-4aab-81eb-1575f2cfec0e}</UniqueIdentifier>
    </Filter>
  </ItemGroup>
  <ItemGroup>
    <ClCompile Include="CommandLineParsing.cpp">
      <Filter>Source Files</Filter>
    </ClCompile>
    <ClCompile Include="Launcher.cpp">
      <Filter>Source Files</Filter>
    </ClCompile>
    <ClCompile Include="LauncherConfigGUI.cpp">
      <Filter>Source Files</Filter>
    </ClCompile>
    <ClCompile Include="LauncherOptions.cpp">
      <Filter>Source Files</Filter>
    </ClCompile>
    <ClCompile Include="..\..\..\..\..\Tools\String\AnsiUnicodeConvert.cpp">
      <Filter>Tools</Filter>
    </ClCompile>
    <ClCompile Include="..\..\..\..\..\Tools\Gui\Dialog\DialogBase.cpp">
      <Filter>Tools</Filter>
    </ClCompile>
    <ClCompile Include="..\..\..\..\..\Tools\Ini\IniFile.cpp">
      <Filter>Tools</Filter>
    </ClCompile>
    <ClCompile Include="..\..\..\..\..\Tools\File\StdFileOperations.cpp">
      <Filter>Tools</Filter>
    </ClCompile>
  </ItemGroup>
  <ItemGroup>
    <ClInclude Include="CommandLineParsing.h">
      <Filter>Header Files</Filter>
    </ClInclude>
    <ClInclude Include="LauncherConfigGUI.h">
      <Filter>Header Files</Filter>
    </ClInclude>
    <ClInclude Include="LauncherOptions.h">
      <Filter>Header Files</Filter>
    </ClInclude>
    <ClInclude Include="resource.h">
      <Filter>Header Files</Filter>
    </ClInclude>
    <ClInclude Include="..\..\..\..\..\Tools\String\AnsiUnicodeConvert.h">
      <Filter>Tools</Filter>
    </ClInclude>
    <ClInclude Include="..\..\..\..\..\Tools\Process\APIOverride\ApiOverride.h">
      <Filter>Tools</Filter>
    </ClInclude>
    <ClInclude Include="..\..\..\..\..\Tools\Gui\Dialog\DialogBase.h">
      <Filter>Tools</Filter>
    </ClInclude>
    <ClInclude Include="..\..\..\..\..\Tools\Ini\IniFile.h">
      <Filter>Tools</Filter>
    </ClInclude>
    <ClInclude Include="..\..\..\..\..\Tools\File\StdFileOperations.h">
      <Filter>Tools</Filter>
    </ClInclude>
  </ItemGroup>
  <ItemGroup>
    <None Include="Launcher.ico">
      <Filter>Resource Files</Filter>
    </None>
  </ItemGroup>
  <ItemGroup>
    <ResourceCompile Include="Launcher.rc">
      <Filter>Resource Files</Filter>
    </ResourceCompile>
  </ItemGroup>
  <ItemGroup>
    <Manifest Include="Launcher.exe.manifest" />
  </ItemGroup>
</Project>