<?xml version="1.0" encoding="utf-8"?>
<Project ToolsVersion="4.0" xmlns="http://schemas.microsoft.com/developer/msbuild/2003">
  <ItemGroup>
    <Filter Include="Source Files">
      <UniqueIdentifier>{4FC737F1-C7A5-4376-A066-2A32D752A2FF}</UniqueIdentifier>
      <Extensions>cpp;c;cxx;def;odl;idl;hpj;bat;asm;asmx</Extensions>
    </Filter>
    <Filter Include="Header Files">
      <UniqueIdentifier>{93995380-89BD-4b04-88EB-625FBE52EBFB}</UniqueIdentifier>
      <Extensions>h;hpp;hxx;hm;inl;inc;xsd</Extensions>
    </Filter>
    <Filter Include="Resource Files">
      <UniqueIdentifier>{67DA6AB6-F800-4c08-8B7A-83BB121AAD01}</UniqueIdentifier>
      <Extensions>rc;ico;cur;bmp;dlg;rc2;rct;bin;rgs;gif;jpg;jpeg;jpe;resx</Extensions>
    </Filter>
    <Filter Include="Tools">
      <UniqueIdentifier>{7b27f0db-b1e6-4067-bb04-a614b1002fa3}</UniqueIdentifier>
    </Filter>
  </ItemGroup>
  <ItemGroup>
    <ClCompile Include="filters.cpp">
      <Filter>Source Files</Filter>
    </ClCompile>
    <ClCompile Include="HeapWalk.cpp">
      <Filter>Source Files</Filter>
    </ClCompile>
    <ClCompile Include="HexDisplay.cpp">
      <Filter>Source Files</Filter>
    </ClCompile>
    <ClCompile Include="main.cpp">
      <Filter>Source Files</Filter>
    </ClCompile>
    <ClCompile Include="Options.cpp">
      <Filter>Source Files</Filter>
    </ClCompile>
    <ClCompile Include="Search.cpp">
      <Filter>Source Files</Filter>
    </ClCompile>
    <ClCompile Include="..\Tools\APIError\APIError.cpp">
      <Filter>Tools</Filter>
    </ClCompile>
    <ClCompile Include="..\Tools\Clipboard\Clipboard.cpp">
      <Filter>Tools</Filter>
    </ClCompile>
    <ClCompile Include="..\Tools\Gui\Dialog\DialogHelper.cpp">
      <Filter>Tools</Filter>
    </ClCompile>
    <ClCompile Include="..\Tools\Gui\ListView\Listview.cpp">
      <Filter>Tools</Filter>
    </ClCompile>
    <ClCompile Include="..\Tools\Gui\Menu\PopUpMenu.cpp">
      <Filter>Tools</Filter>
    </ClCompile>
    <ClCompile Include="..\Tools\Privilege\Privilege.cpp">
      <Filter>Tools</Filter>
    </ClCompile>
    <ClCompile Include="..\Tools\Process\ProcessHelper\ProcessHelper.cpp">
      <Filter>Tools</Filter>
    </ClCompile>
    <ClCompile Include="..\Tools\Process\Memory\ProcessMemory.cpp">
      <Filter>Tools</Filter>
    </ClCompile>
    <ClCompile Include="..\Tools\File\StdFileOperations.cpp">
      <Filter>Tools</Filter>
    </ClCompile>
    <ClCompile Include="..\Tools\String\StrToHex.cpp">
      <Filter>Tools</Filter>
    </ClCompile>
    <ClCompile Include="..\Tools\File\TextFile.cpp">
      <Filter>Tools</Filter>
    </ClCompile>
    <ClCompile Include="..\Tools\Gui\ToolBar\Toolbar.cpp">
      <Filter>Tools</Filter>
    </ClCompile>
  </ItemGroup>
  <ItemGroup>
    <ClInclude Include="HexDisplay.h">
      <Filter>Source Files</Filter>
    </ClInclude>
    <ClInclude Include="defines.h">
      <Filter>Header Files</Filter>
    </ClInclude>
    <ClInclude Include="filters.h">
      <Filter>Header Files</Filter>
    </ClInclude>
    <ClInclude Include="HeapWalk.h">
      <Filter>Header Files</Filter>
    </ClInclude>
    <ClInclude Include="Options.h">
      <Filter>Header Files</Filter>
    </ClInclude>
    <ClInclude Include="resource.h">
      <Filter>Header Files</Filter>
    </ClInclude>
    <ClInclude Include="Search.h">
      <Filter>Header Files</Filter>
    </ClInclude>
    <ClInclude Include="..\Tools\APIError\APIError.h">
      <Filter>Tools</Filter>
    </ClInclude>
    <ClInclude Include="..\Tools\Clipboard\Clipboard.h">
      <Filter>Tools</Filter>
    </ClInclude>
    <ClInclude Include="..\Tools\Gui\Dialog\DialogHelper.h">
      <Filter>Tools</Filter>
    </ClInclude>
    <ClInclude Include="..\Tools\Gui\ListView\Listview.h">
      <Filter>Tools</Filter>
    </ClInclude>
    <ClInclude Include="..\Tools\Gui\Menu\PopUpMenu.h">
      <Filter>Tools</Filter>
    </ClInclude>
    <ClInclude Include="..\Tools\Privilege\Privilege.h">
      <Filter>Tools</Filter>
    </ClInclude>
    <ClInclude Include="..\Tools\Process\ProcessHelper\ProcessHelper.h">
      <Filter>Tools</Filter>
    </ClInclude>
    <ClInclude Include="..\Tools\Process\Memory\ProcessMemory.h">
      <Filter>Tools</Filter>
    </ClInclude>
    <ClInclude Include="..\Tools\File\StdFileOperations.h">
      <Filter>Tools</Filter>
    </ClInclude>
    <ClInclude Include="..\Tools\String\StrToHex.h">
      <Filter>Tools</Filter>
    </ClInclude>
    <ClInclude Include="..\Tools\File\TextFile.h">
      <Filter>Tools</Filter>
    </ClInclude>
    <ClInclude Include="..\Tools\Gui\ToolBar\Toolbar.h">
      <Filter>Tools</Filter>
    </ClInclude>
  </ItemGroup>
  <ItemGroup>
    <None Include="Resource\app.ico">
      <Filter>Resource Files</Filter>
    </None>
    <None Include="Resource\cancel.ico">
      <Filter>Resource Files</Filter>
    </None>
    <None Include="Resource\Filter.ico">
      <Filter>Resource Files</Filter>
    </None>
    <None Include="Resource\memory.ico">
      <Filter>Resource Files</Filter>
    </None>
    <None Include="Resource\refresh.ico">
      <Filter>Resource Files</Filter>
    </None>
    <None Include="Resource\save.ico">
      <Filter>Resource Files</Filter>
    </None>
    <None Include="Resource\Search.ico">
      <Filter>Resource Files</Filter>
    </None>
    <None Include="Resource\Start.ico">
      <Filter>Resource Files</Filter>
    </None>
  </ItemGroup>
  <ItemGroup>
    <ResourceCompile Include="HeapWalker.rc">
      <Filter>Resource Files</Filter>
    </ResourceCompile>
  </ItemGroup>
  <ItemGroup>
    <Manifest Include="Resource\HeapWalker.exe.manifest" />
  </ItemGroup>
</Project>