<?xml version="1.0" encoding="utf-8"?>
<Project ToolsVersion="4.0" xmlns="http://schemas.microsoft.com/developer/msbuild/2003">
  <ItemGroup>
    <Filter Include="Source Files">
      <UniqueIdentifier>{4FC737F1-C7A5-4376-A066-2A32D752A2FF}</UniqueIdentifier>
      <Extensions>cpp;c;cxx;def;odl;idl;hpj;bat;asm;asmx</Extensions>
    </Filter>
    <Filter Include="Header Files">
      <UniqueIdentifier>{93995380-89BD-4b04-88EB-625FBE52EBFB}</UniqueIdentifier>
      <Extensions>h;hpp;hxx;hm;inl;inc;xsd</Extensions>
    </Filter>
    <Filter Include="Resource Files">
      <UniqueIdentifier>{67DA6AB6-F800-4c08-8B7A-83BB121AAD01}</UniqueIdentifier>
      <Extensions>rc;ico;cur;bmp;dlg;rc2;rct;bin;rgs;gif;jpg;jpeg;jpe;resx</Extensions>
    </Filter>
    <Filter Include="Tools">
      <UniqueIdentifier>{93e65d9e-9687-4a5c-8597-ce270859b2b4}</UniqueIdentifier>
    </Filter>
  </ItemGroup>
  <ItemGroup>
    <ClCompile Include="about.cpp">
      <Filter>Source Files</Filter>
    </ClCompile>
    <ClCompile Include="..\DebugInfosClasses\DebugInfos.cpp">
      <Filter>Source Files</Filter>
    </ClCompile>
    <ClCompile Include="DebugInfosUI.cpp">
      <Filter>Source Files</Filter>
    </ClCompile>
    <ClCompile Include="..\DebugInfosClasses\FunctionBlockInfos.cpp">
      <Filter>Source Files</Filter>
    </ClCompile>
    <ClCompile Include="..\DebugInfosClasses\FunctionInfos.cpp">
      <Filter>Source Files</Filter>
    </ClCompile>
    <ClCompile Include="..\DebugInfosClasses\LabelInfos.cpp">
      <Filter>Source Files</Filter>
    </ClCompile>
    <ClCompile Include="main.cpp">
      <Filter>Source Files</Filter>
    </ClCompile>
    <ClCompile Include="..\DebugInfosClasses\ModuleInfos.cpp">
      <Filter>Source Files</Filter>
    </ClCompile>
    <ClCompile Include="..\DebugInfosClasses\regs.cpp">
      <Filter>Source Files</Filter>
    </ClCompile>
    <ClCompile Include="..\DebugInfosClasses\SymbolLocation.cpp">
      <Filter>Source Files</Filter>
    </ClCompile>
    <ClCompile Include="..\DebugInfosClasses\ThunkInfos.cpp">
      <Filter>Source Files</Filter>
    </ClCompile>
    <ClCompile Include="..\DebugInfosClasses\TypeInfos.cpp">
      <Filter>Source Files</Filter>
    </ClCompile>
    <ClCompile Include="UserTypesGenerator.cpp">
      <Filter>Source Files</Filter>
    </ClCompile>
    <ClCompile Include="..\..\String\AnsiUnicodeConvert.cpp">
      <Filter>Tools</Filter>
    </ClCompile>
    <ClCompile Include="..\..\APIError\APIError.cpp">
      <Filter>Tools</Filter>
    </ClCompile>
    <ClCompile Include="..\..\Clipboard\Clipboard.cpp">
      <Filter>Tools</Filter>
    </ClCompile>
    <ClCompile Include="..\..\Gui\Dialog\DialogHelper.cpp">
      <Filter>Tools</Filter>
    </ClCompile>
    <ClCompile Include="..\..\Disasm\Disasm.cpp">
      <Filter>Tools</Filter>
    </ClCompile>
    <ClCompile Include="..\..\Dll\DllFinder.cpp">
      <Filter>Tools</Filter>
    </ClCompile>
    <ClCompile Include="..\..\Dll\DllSideBySideAssembyFinder.cpp">
      <Filter>Tools</Filter>
    </ClCompile>
    <ClCompile Include="..\..\Gui\HtmlViewer\HtmlViewerWindow.cpp">
      <Filter>Tools</Filter>
    </ClCompile>
    <ClCompile Include="..\..\LinkList\LinkList.cpp">
      <Filter>Tools</Filter>
    </ClCompile>
    <ClCompile Include="..\..\LinkList\LinkListBase.cpp">
      <Filter>Tools</Filter>
    </ClCompile>
    <ClCompile Include="..\..\LinkList\SingleThreaded\LinkListBaseSingleThreaded.cpp">
      <Filter>Tools</Filter>
    </ClCompile>
    <ClCompile Include="..\..\LinkList\LinkListSimple.cpp">
      <Filter>Tools</Filter>
    </ClCompile>
    <ClCompile Include="..\..\LinkList\SingleThreaded\LinkListSimpleSingleThreaded.cpp">
      <Filter>Tools</Filter>
    </ClCompile>
    <ClCompile Include="..\..\LinkList\LinkListTemplate.cpp">
      <Filter>Tools</Filter>
    </ClCompile>
    <ClCompile Include="..\..\Pe\PE.cpp">
      <Filter>Tools</Filter>
    </ClCompile>
    <ClCompile Include="..\..\Dll\PeManifestAssembly.cpp">
      <Filter>Tools</Filter>
    </ClCompile>
    <ClCompile Include="..\..\Gui\Menu\PopUpMenu.cpp">
      <Filter>Tools</Filter>
    </ClCompile>
    <ClCompile Include="..\..\Com\RegisterComComponent.cpp">
      <Filter>Tools</Filter>
    </ClCompile>
    <ClCompile Include="..\..\File\StdFileOperations.cpp">
      <Filter>Tools</Filter>
    </ClCompile>
    <ClCompile Include="..\..\String\StringConverter.cpp">
      <Filter>Tools</Filter>
    </ClCompile>
    <ClCompile Include="..\..\String\StringReplace.cpp">
      <Filter>Tools</Filter>
    </ClCompile>
    <ClCompile Include="..\..\Gui\SysLink\SysLink.cpp">
      <Filter>Tools</Filter>
    </ClCompile>
    <ClCompile Include="..\..\File\TextFile.cpp">
      <Filter>Tools</Filter>
    </ClCompile>
    <ClCompile Include="..\..\Gui\ToolBar\Toolbar.cpp">
      <Filter>Tools</Filter>
    </ClCompile>
    <ClCompile Include="..\..\Gui\TreeView\Treeview.cpp">
      <Filter>Tools</Filter>
    </ClCompile>
    <ClCompile Include="..\..\String\TrimString.cpp">
      <Filter>Tools</Filter>
    </ClCompile>
    <ClCompile Include="..\..\Version\Version.cpp">
      <Filter>Tools</Filter>
    </ClCompile>
    <ClCompile Include="..\..\String\WildCharCompare.cpp">
      <Filter>Tools</Filter>
    </ClCompile>
  </ItemGroup>
  <ItemGroup>
    <ClInclude Include="about.h">
      <Filter>Header Files</Filter>
    </ClInclude>
    <ClInclude Include="..\DebugInfosClasses\callback.h">
      <Filter>Header Files</Filter>
    </ClInclude>
    <ClInclude Include="..\DebugInfosClasses\DebugInfos.h">
      <Filter>Header Files</Filter>
    </ClInclude>
    <ClInclude Include="DebugInfosUI.h">
      <Filter>Header Files</Filter>
    </ClInclude>
    <ClInclude Include="..\DebugInfosClasses\FunctionBlockInfos.h">
      <Filter>Header Files</Filter>
    </ClInclude>
    <ClInclude Include="..\DebugInfosClasses\FunctionInfos.h">
      <Filter>Header Files</Filter>
    </ClInclude>
    <ClInclude Include="..\DebugInfosClasses\LabelInfos.h">
      <Filter>Header Files</Filter>
    </ClInclude>
    <ClInclude Include="..\DebugInfosClasses\ModuleInfos.h">
      <Filter>Header Files</Filter>
    </ClInclude>
    <ClInclude Include="..\DebugInfosClasses\regs.h">
      <Filter>Header Files</Filter>
    </ClInclude>
    <ClInclude Include="resource.h">
      <Filter>Header Files</Filter>
    </ClInclude>
    <ClInclude Include="..\DebugInfosClasses\SymbolLocation.h">
      <Filter>Header Files</Filter>
    </ClInclude>
    <ClInclude Include="..\DebugInfosClasses\ThunkInfos.h">
      <Filter>Header Files</Filter>
    </ClInclude>
    <ClInclude Include="..\DebugInfosClasses\TypeInfos.h">
      <Filter>Header Files</Filter>
    </ClInclude>
    <ClInclude Include="UserTypesGenerator.h">
      <Filter>Header Files</Filter>
    </ClInclude>
    <ClInclude Include="..\..\String\AnsiUnicodeConvert.h">
      <Filter>Tools</Filter>
    </ClInclude>
    <ClInclude Include="..\..\APIError\APIError.h">
      <Filter>Tools</Filter>
    </ClInclude>
    <ClInclude Include="..\..\Clipboard\Clipboard.h">
      <Filter>Tools</Filter>
    </ClInclude>
    <ClInclude Include="..\..\Process\APIOverride\injected_dll\defines.h">
      <Filter>Tools</Filter>
    </ClInclude>
    <ClInclude Include="..\..\Gui\Dialog\DialogHelper.h">
      <Filter>Tools</Filter>
    </ClInclude>
    <ClInclude Include="..\..\Disasm\Disasm.h">
      <Filter>Tools</Filter>
    </ClInclude>
    <ClInclude Include="..\..\Dll\DllFinder.h">
      <Filter>Tools</Filter>
    </ClInclude>
    <ClInclude Include="..\..\Dll\DllSideBySideAssembyFinder.h">
      <Filter>Tools</Filter>
    </ClInclude>
    <ClInclude Include="..\..\Gui\HtmlViewer\HtmlViewerWindow.h">
      <Filter>Tools</Filter>
    </ClInclude>
    <ClInclude Include="..\..\LinkList\LinkList.h">
      <Filter>Tools</Filter>
    </ClInclude>
    <ClInclude Include="..\..\LinkList\LinkListBase.h">
      <Filter>Tools</Filter>
    </ClInclude>
    <ClInclude Include="..\..\LinkList\SingleThreaded\LinkListBaseSingleThreaded.h">
      <Filter>Tools</Filter>
    </ClInclude>
    <ClInclude Include="..\..\LinkList\LinkListSimple.h">
      <Filter>Tools</Filter>
    </ClInclude>
    <ClInclude Include="..\..\LinkList\SingleThreaded\LinkListSimpleSingleThreaded.h">
      <Filter>Tools</Filter>
    </ClInclude>
    <ClInclude Include="..\..\LinkList\LinkListTemplate.h">
      <Filter>Tools</Filter>
    </ClInclude>
    <ClInclude Include="..\..\Pe\PE.h">
      <Filter>Tools</Filter>
    </ClInclude>
    <ClInclude Include="..\..\Dll\PeManifestAssembly.h">
      <Filter>Tools</Filter>
    </ClInclude>
    <ClInclude Include="..\..\Gui\Menu\PopUpMenu.h">
      <Filter>Tools</Filter>
    </ClInclude>
    <ClInclude Include="..\..\Com\RegisterComComponent.h">
      <Filter>Tools</Filter>
    </ClInclude>
    <ClInclude Include="..\..\File\StdFileOperations.h">
      <Filter>Tools</Filter>
    </ClInclude>
    <ClInclude Include="..\..\String\StringConverter.h">
      <Filter>Tools</Filter>
    </ClInclude>
    <ClInclude Include="..\..\String\StringReplace.h">
      <Filter>Tools</Filter>
    </ClInclude>
    <ClInclude Include="..\..\Gui\SysLink\SysLink.h">
      <Filter>Tools</Filter>
    </ClInclude>
    <ClInclude Include="..\..\File\TextFile.h">
      <Filter>Tools</Filter>
    </ClInclude>
    <ClInclude Include="..\..\Gui\ToolBar\Toolbar.h">
      <Filter>Tools</Filter>
    </ClInclude>
    <ClInclude Include="..\..\Gui\TreeView\Treeview.h">
      <Filter>Tools</Filter>
    </ClInclude>
    <ClInclude Include="..\..\String\TrimString.h">
      <Filter>Tools</Filter>
    </ClInclude>
    <ClInclude Include="..\..\Version\Version.h">
      <Filter>Tools</Filter>
    </ClInclude>
    <ClInclude Include="..\..\String\WildCharCompare.h">
      <Filter>Tools</Filter>
    </ClInclude>
  </ItemGroup>
  <ItemGroup>
    <None Include="resource\About.ico">
      <Filter>Resource Files</Filter>
    </None>
    <None Include="resource\asm.ico">
      <Filter>Resource Files</Filter>
    </None>
    <None Include="resource\check_all.ico">
      <Filter>Resource Files</Filter>
    </None>
    <None Include="resource\check_partial.ico">
      <Filter>Resource Files</Filter>
    </None>
    <None Include="resource\collapse.ico">
      <Filter>Resource Files</Filter>
    </None>
    <None Include="resource\empty.ico">
      <Filter>Resource Files</Filter>
    </None>
    <None Include="resource\expand.ico">
      <Filter>Resource Files</Filter>
    </None>
    <None Include="resource\export.ico">
      <Filter>Resource Files</Filter>
    </None>
    <None Include="resource\function.ico">
      <Filter>Resource Files</Filter>
    </None>
    <None Include="resource\generate.ico">
      <Filter>Resource Files</Filter>
    </None>
    <None Include="resource\local.ico">
      <Filter>Resource Files</Filter>
    </None>
    <None Include="resource\obj.ico">
      <Filter>Resource Files</Filter>
    </None>
    <None Include="resource\open.ico">
      <Filter>Resource Files</Filter>
    </None>
    <None Include="resource\param.ico">
      <Filter>Resource Files</Filter>
    </None>
    <None Include="resource\paypal.ico">
      <Filter>Resource Files</Filter>
    </None>
    <None Include="resource\thunk.ico">
      <Filter>Resource Files</Filter>
    </None>
    <None Include="resource\uncheck_all.ico">
      <Filter>Resource Files</Filter>
    </None>
  </ItemGroup>
  <ItemGroup>
    <ResourceCompile Include="DebugInfos.rc">
      <Filter>Resource Files</Filter>
    </ResourceCompile>
  </ItemGroup>
  <ItemGroup>
    <Manifest Include="resource\DebugInfosViewer.exe.manifest" />
  </ItemGroup>
</Project>